// !$*UTF8*$!
{
	archiveVersion = 1;
	classes = {
	};
	objectVersion = 46;
	objects = {

/* Begin PBXBuildFile section */
		0450E32F133BE20F007234B5 /* CoreGraphics.framework in Frameworks */ = {isa = PBXBuildFile; fileRef = BDD9C3FB133BA604003708E7 /* CoreGraphics.framework */; };
		0450E33A133BE25B007234B5 /* libObjectiveGit-iOS.a in Frameworks */ = {isa = PBXBuildFile; fileRef = 04DB4645133AB57600D9C624 /* libObjectiveGit-iOS.a */; };
		04DB464E133AB5E200D9C624 /* NSError+Git.h in Headers */ = {isa = PBXBuildFile; fileRef = BDE4C060130EFE2C00851650 /* NSError+Git.h */; settings = {ATTRIBUTES = (Public, ); }; };
		04DB464F133AB5E200D9C624 /* GTRepository.h in Headers */ = {isa = PBXBuildFile; fileRef = BDE4C062130EFE2C00851650 /* GTRepository.h */; settings = {ATTRIBUTES = (Public, ); }; };
		04DB4652133AB5E200D9C624 /* GTEnumerator.h in Headers */ = {isa = PBXBuildFile; fileRef = BDD8AE6D13131B8800CB5D40 /* GTEnumerator.h */; settings = {ATTRIBUTES = (Public, ); }; };
		04DB4653133AB5E200D9C624 /* GTTree.h in Headers */ = {isa = PBXBuildFile; fileRef = BD6B040F131496B8001909D0 /* GTTree.h */; settings = {ATTRIBUTES = (Public, ); }; };
		04DB4654133AB5E200D9C624 /* GTTreeEntry.h in Headers */ = {isa = PBXBuildFile; fileRef = BD6B0415131496CC001909D0 /* GTTreeEntry.h */; settings = {ATTRIBUTES = (Public, ); }; };
		04DB4655133AB5E200D9C624 /* GTBlob.h in Headers */ = {isa = PBXBuildFile; fileRef = BDD627971318391200DE34D1 /* GTBlob.h */; settings = {ATTRIBUTES = (Public, ); }; };
		04DB4656133AB5E200D9C624 /* GTTag.h in Headers */ = {isa = PBXBuildFile; fileRef = BDD62922131C03D600DE34D1 /* GTTag.h */; settings = {ATTRIBUTES = (Public, ); }; };
		04DB4657133AB5E200D9C624 /* GTIndex.h in Headers */ = {isa = PBXBuildFile; fileRef = BDFAF9C1131C1845000508BC /* GTIndex.h */; settings = {ATTRIBUTES = (Public, ); }; };
		04DB4658133AB5E200D9C624 /* GTIndexEntry.h in Headers */ = {isa = PBXBuildFile; fileRef = BDFAF9C7131C1868000508BC /* GTIndexEntry.h */; settings = {ATTRIBUTES = (Public, ); }; };
		04DB4659133AB5E200D9C624 /* GTReference.h in Headers */ = {isa = PBXBuildFile; fileRef = BD441E06131ED0C300187010 /* GTReference.h */; settings = {ATTRIBUTES = (Public, ); }; };
		04DB465A133AB5E200D9C624 /* ObjectiveGit.h in Headers */ = {isa = PBXBuildFile; fileRef = 88F6D9D81320451F00CC0BA8 /* ObjectiveGit.h */; settings = {ATTRIBUTES = (Public, ); }; };
		04DB465B133AB5E200D9C624 /* GTCommit.h in Headers */ = {isa = PBXBuildFile; fileRef = BD6C22A41314609A00992935 /* GTCommit.h */; settings = {ATTRIBUTES = (Public, ); }; };
		04DB465C133AB5E200D9C624 /* GTObject.h in Headers */ = {isa = PBXBuildFile; fileRef = BD6C22A71314625800992935 /* GTObject.h */; settings = {ATTRIBUTES = (Public, ); }; };
		04DB465D133AB5E200D9C624 /* GTSignature.h in Headers */ = {isa = PBXBuildFile; fileRef = BD6C254313148DC900992935 /* GTSignature.h */; settings = {ATTRIBUTES = (Public, ); }; };
		04DB465E133AB5E200D9C624 /* GTBranch.h in Headers */ = {isa = PBXBuildFile; fileRef = 88F50F56132054D800584FBE /* GTBranch.h */; settings = {ATTRIBUTES = (Public, ); }; };
		04DB4660133AB5EB00D9C624 /* NSError+Git.m in Sources */ = {isa = PBXBuildFile; fileRef = BDE4C061130EFE2C00851650 /* NSError+Git.m */; };
		04DB4661133AB5EB00D9C624 /* GTRepository.m in Sources */ = {isa = PBXBuildFile; fileRef = BDE4C063130EFE2C00851650 /* GTRepository.m */; };
		04DB4664133AB5EB00D9C624 /* GTEnumerator.m in Sources */ = {isa = PBXBuildFile; fileRef = BDD8AE6E13131B8800CB5D40 /* GTEnumerator.m */; };
		04DB4665133AB5EB00D9C624 /* GTCommit.m in Sources */ = {isa = PBXBuildFile; fileRef = BD6C22A51314609A00992935 /* GTCommit.m */; };
		04DB4666133AB5EB00D9C624 /* GTObject.m in Sources */ = {isa = PBXBuildFile; fileRef = BD6C22A81314625800992935 /* GTObject.m */; };
		04DB4667133AB5EB00D9C624 /* GTSignature.m in Sources */ = {isa = PBXBuildFile; fileRef = BD6C254413148DC900992935 /* GTSignature.m */; };
		04DB4668133AB5EB00D9C624 /* GTTree.m in Sources */ = {isa = PBXBuildFile; fileRef = BD6B0410131496B8001909D0 /* GTTree.m */; };
		04DB4669133AB5EB00D9C624 /* GTTreeEntry.m in Sources */ = {isa = PBXBuildFile; fileRef = BD6B0416131496CC001909D0 /* GTTreeEntry.m */; };
		04DB466A133AB5EB00D9C624 /* GTBlob.m in Sources */ = {isa = PBXBuildFile; fileRef = BDD627981318391200DE34D1 /* GTBlob.m */; };
		04DB466B133AB5EB00D9C624 /* GTTag.m in Sources */ = {isa = PBXBuildFile; fileRef = BDD62923131C03D600DE34D1 /* GTTag.m */; };
		04DB466C133AB5EB00D9C624 /* GTIndex.m in Sources */ = {isa = PBXBuildFile; fileRef = BDFAF9C2131C1845000508BC /* GTIndex.m */; };
		04DB466D133AB5EB00D9C624 /* GTIndexEntry.m in Sources */ = {isa = PBXBuildFile; fileRef = BDFAF9C8131C1868000508BC /* GTIndexEntry.m */; };
		04DB466E133AB5EB00D9C624 /* GTReference.m in Sources */ = {isa = PBXBuildFile; fileRef = BD441E07131ED0C300187010 /* GTReference.m */; };
		04DB466F133AB5EB00D9C624 /* GTBranch.m in Sources */ = {isa = PBXBuildFile; fileRef = 88F50F57132054D800584FBE /* GTBranch.m */; };
		04DB4672133AB5FE00D9C624 /* libz.dylib in Frameworks */ = {isa = PBXBuildFile; fileRef = 04DB4671133AB5FE00D9C624 /* libz.dylib */; };
		04DB4B05133BC1A000D9C624 /* GTRepositoryTest.m in Sources */ = {isa = PBXBuildFile; fileRef = BDD8AF28131332E400CB5D40 /* GTRepositoryTest.m */; };
		04DB4B06133BC1A000D9C624 /* GTWalkerTest.m in Sources */ = {isa = PBXBuildFile; fileRef = BD6C22401314453900992935 /* GTWalkerTest.m */; };
		04DB4B07133BC1A000D9C624 /* GTLibTest.m in Sources */ = {isa = PBXBuildFile; fileRef = BD6C22421314481B00992935 /* GTLibTest.m */; };
		04DB4B08133BC1A000D9C624 /* NSData+Git.m in Sources */ = {isa = PBXBuildFile; fileRef = BD6C2267131459E700992935 /* NSData+Git.m */; };
		04DB4B09133BC1A000D9C624 /* GTCommitTest.m in Sources */ = {isa = PBXBuildFile; fileRef = BD6C23EB131478A100992935 /* GTCommitTest.m */; };
		04DB4B0A133BC1A000D9C624 /* GTObjectTest.m in Sources */ = {isa = PBXBuildFile; fileRef = BD6B07F91316F24D001909D0 /* GTObjectTest.m */; };
		04DB4B0B133BC1A000D9C624 /* GTTreeTest.m in Sources */ = {isa = PBXBuildFile; fileRef = BDD627291318322E00DE34D1 /* GTTreeTest.m */; };
		04DB4B0C133BC1A000D9C624 /* GTBlobTest.m in Sources */ = {isa = PBXBuildFile; fileRef = BDD62795131838A800DE34D1 /* GTBlobTest.m */; };
		04DB4B0D133BC1A000D9C624 /* GTTagTest.m in Sources */ = {isa = PBXBuildFile; fileRef = BDD62920131C035500DE34D1 /* GTTagTest.m */; };
		04DB4B0E133BC1A000D9C624 /* GTRepositoryPackTest.m in Sources */ = {isa = PBXBuildFile; fileRef = BDFAF99F131C16F2000508BC /* GTRepositoryPackTest.m */; };
		04DB4B0F133BC1A000D9C624 /* GTIndexTest.m in Sources */ = {isa = PBXBuildFile; fileRef = BDFAF9CD131C18FE000508BC /* GTIndexTest.m */; };
		04DB4B10133BC1A000D9C624 /* GTReferenceTest.m in Sources */ = {isa = PBXBuildFile; fileRef = BD8F69CF131F0AEE009DA3A1 /* GTReferenceTest.m */; };
		04DB4B11133BC1A000D9C624 /* GTBranchTest.m in Sources */ = {isa = PBXBuildFile; fileRef = BD5B2FD61329686F00251129 /* GTBranchTest.m */; };
		04DB4B6B133BC34100D9C624 /* GHUnitIOSTestMain.m in Sources */ = {isa = PBXBuildFile; fileRef = BDD9C486133BA73E003708E7 /* GHUnitIOSTestMain.m */; };
		3E0A23E5159E0FDB00A6068F /* GTObjectDatabase.h in Headers */ = {isa = PBXBuildFile; fileRef = 55C8054C13861F34004DCB0F /* GTObjectDatabase.h */; settings = {ATTRIBUTES = (Public, ); }; };
		55C8054F13861FE7004DCB0F /* GTObjectDatabase.m in Sources */ = {isa = PBXBuildFile; fileRef = 55C8054D13861F34004DCB0F /* GTObjectDatabase.m */; };
		55C8055013861FE7004DCB0F /* GTObjectDatabase.m in Sources */ = {isa = PBXBuildFile; fileRef = 55C8054D13861F34004DCB0F /* GTObjectDatabase.m */; };
		55C8057A13875578004DCB0F /* NSString+Git.m in Sources */ = {isa = PBXBuildFile; fileRef = 55C8057313874CDF004DCB0F /* NSString+Git.m */; };
		55C8057C13875579004DCB0F /* NSString+Git.m in Sources */ = {isa = PBXBuildFile; fileRef = 55C8057313874CDF004DCB0F /* NSString+Git.m */; };
		55C8057D13875C11004DCB0F /* NSData+Git.h in Headers */ = {isa = PBXBuildFile; fileRef = BD6C2266131459E700992935 /* NSData+Git.h */; settings = {ATTRIBUTES = (Public, ); }; };
		55C8057E13875C1B004DCB0F /* NSString+Git.h in Headers */ = {isa = PBXBuildFile; fileRef = 55C8057213874CDF004DCB0F /* NSString+Git.h */; settings = {ATTRIBUTES = (Public, ); }; };
		55C8057F13875C62004DCB0F /* NSData+Git.h in Headers */ = {isa = PBXBuildFile; fileRef = BD6C2266131459E700992935 /* NSData+Git.h */; settings = {ATTRIBUTES = (Public, ); }; };
		55C8058013875C6E004DCB0F /* NSString+Git.h in Headers */ = {isa = PBXBuildFile; fileRef = 55C8057213874CDF004DCB0F /* NSString+Git.h */; settings = {ATTRIBUTES = (Public, ); }; };
		79262F1013C697C100A4B1EA /* git2 in Copy git2 Headers */ = {isa = PBXBuildFile; fileRef = 79262F0E13C697BE00A4B1EA /* git2 */; };
		79262F8B13C69B1600A4B1EA /* git2.h in Headers */ = {isa = PBXBuildFile; fileRef = 79262F8A13C69B1600A4B1EA /* git2.h */; settings = {ATTRIBUTES = (Public, ); }; };
		8803DA871313145700E6E818 /* libz.dylib in Frameworks */ = {isa = PBXBuildFile; fileRef = 8803DA861313145700E6E818 /* libz.dylib */; };
		88383CFA1468982B009012D5 /* libgit2.a in Frameworks */ = {isa = PBXBuildFile; fileRef = 88383CF91468982B009012D5 /* libgit2.a */; };
		88383CFB1468982B009012D5 /* libgit2.a in Frameworks */ = {isa = PBXBuildFile; fileRef = 88383CF91468982B009012D5 /* libgit2.a */; };
		8849C6A214AD81FF003890AF /* GTRepository+Private.h in Headers */ = {isa = PBXBuildFile; fileRef = 8849C6A114AD81FF003890AF /* GTRepository+Private.h */; };
		8871709A1579145A009B41D5 /* ObjectiveGit.m in Sources */ = {isa = PBXBuildFile; fileRef = 887170971579145A009B41D5 /* ObjectiveGit.m */; };
		8871709B1579145A009B41D5 /* ObjectiveGit.m in Sources */ = {isa = PBXBuildFile; fileRef = 887170971579145A009B41D5 /* ObjectiveGit.m */; };
		88EB7E4D14AEBA600046FEA4 /* GTConfiguration.h in Headers */ = {isa = PBXBuildFile; fileRef = 88EB7E4B14AEBA600046FEA4 /* GTConfiguration.h */; settings = {ATTRIBUTES = (Public, ); }; };
		88EB7E4E14AEBA600046FEA4 /* GTConfiguration.m in Sources */ = {isa = PBXBuildFile; fileRef = 88EB7E4C14AEBA600046FEA4 /* GTConfiguration.m */; };
		88EB7E5214AEC7460046FEA4 /* GTConfigurationTest.m in Sources */ = {isa = PBXBuildFile; fileRef = 88EB7E5114AEC7460046FEA4 /* GTConfigurationTest.m */; };
		88F50F59132054D800584FBE /* GTBranch.h in Headers */ = {isa = PBXBuildFile; fileRef = 88F50F56132054D800584FBE /* GTBranch.h */; settings = {ATTRIBUTES = (Public, ); }; };
		88F50F5A132054D800584FBE /* GTBranch.m in Sources */ = {isa = PBXBuildFile; fileRef = 88F50F57132054D800584FBE /* GTBranch.m */; };
		88F6D9D91320451F00CC0BA8 /* ObjectiveGit.h in Headers */ = {isa = PBXBuildFile; fileRef = 88F6D9D81320451F00CC0BA8 /* ObjectiveGit.h */; settings = {ATTRIBUTES = (Public, ); }; };
		88F6D9FA1320467100CC0BA8 /* GTCommit.h in Headers */ = {isa = PBXBuildFile; fileRef = BD6C22A41314609A00992935 /* GTCommit.h */; settings = {ATTRIBUTES = (Public, ); }; };
		88F6D9FB1320467500CC0BA8 /* GTObject.h in Headers */ = {isa = PBXBuildFile; fileRef = BD6C22A71314625800992935 /* GTObject.h */; settings = {ATTRIBUTES = (Public, ); }; };
		88F6D9FC1320467800CC0BA8 /* GTSignature.h in Headers */ = {isa = PBXBuildFile; fileRef = BD6C254313148DC900992935 /* GTSignature.h */; settings = {ATTRIBUTES = (Public, ); }; };
		8DC2EF530486A6940098B216 /* InfoPlist.strings in Resources */ = {isa = PBXBuildFile; fileRef = 089C1666FE841158C02AAC07 /* InfoPlist.strings */; };
		8DC2EF570486A6940098B216 /* Cocoa.framework in Frameworks */ = {isa = PBXBuildFile; fileRef = 1058C7B1FEA5585E11CA2CBB /* Cocoa.framework */; };
		AA046112134F4D2000DF526B /* GTOdbObject.h in Headers */ = {isa = PBXBuildFile; fileRef = AA046110134F4D2000DF526B /* GTOdbObject.h */; settings = {ATTRIBUTES = (Public, ); }; };
		AA046113134F4D2000DF526B /* GTOdbObject.h in Headers */ = {isa = PBXBuildFile; fileRef = AA046110134F4D2000DF526B /* GTOdbObject.h */; settings = {ATTRIBUTES = (Public, ); }; };
		AA046114134F4D2000DF526B /* GTOdbObject.m in Sources */ = {isa = PBXBuildFile; fileRef = AA046111134F4D2000DF526B /* GTOdbObject.m */; };
		AA046115134F4D2000DF526B /* GTOdbObject.m in Sources */ = {isa = PBXBuildFile; fileRef = AA046111134F4D2000DF526B /* GTOdbObject.m */; };
		BD441E08131ED0C300187010 /* GTReference.h in Headers */ = {isa = PBXBuildFile; fileRef = BD441E06131ED0C300187010 /* GTReference.h */; settings = {ATTRIBUTES = (Public, ); }; };
		BD441E09131ED0C300187010 /* GTReference.m in Sources */ = {isa = PBXBuildFile; fileRef = BD441E07131ED0C300187010 /* GTReference.m */; };
		BD5B2FD71329686F00251129 /* GTBranchTest.m in Sources */ = {isa = PBXBuildFile; fileRef = BD5B2FD61329686F00251129 /* GTBranchTest.m */; };
		BD6B0411131496B8001909D0 /* GTTree.h in Headers */ = {isa = PBXBuildFile; fileRef = BD6B040F131496B8001909D0 /* GTTree.h */; settings = {ATTRIBUTES = (Public, ); }; };
		BD6B0412131496B8001909D0 /* GTTree.m in Sources */ = {isa = PBXBuildFile; fileRef = BD6B0410131496B8001909D0 /* GTTree.m */; };
		BD6B0417131496CC001909D0 /* GTTreeEntry.h in Headers */ = {isa = PBXBuildFile; fileRef = BD6B0415131496CC001909D0 /* GTTreeEntry.h */; settings = {ATTRIBUTES = (Public, ); }; };
		BD6B0418131496CC001909D0 /* GTTreeEntry.m in Sources */ = {isa = PBXBuildFile; fileRef = BD6B0416131496CC001909D0 /* GTTreeEntry.m */; };
		BD6B07FA1316F24D001909D0 /* GTObjectTest.m in Sources */ = {isa = PBXBuildFile; fileRef = BD6B07F91316F24D001909D0 /* GTObjectTest.m */; };
		BD6C22411314453900992935 /* GTWalkerTest.m in Sources */ = {isa = PBXBuildFile; fileRef = BD6C22401314453900992935 /* GTWalkerTest.m */; };
		BD6C22431314481B00992935 /* GTLibTest.m in Sources */ = {isa = PBXBuildFile; fileRef = BD6C22421314481B00992935 /* GTLibTest.m */; };
		BD6C2268131459E700992935 /* NSData+Git.m in Sources */ = {isa = PBXBuildFile; fileRef = BD6C2267131459E700992935 /* NSData+Git.m */; };
		BD6C235313146E6600992935 /* GTCommit.m in Sources */ = {isa = PBXBuildFile; fileRef = BD6C22A51314609A00992935 /* GTCommit.m */; };
		BD6C235413146E6A00992935 /* GTObject.m in Sources */ = {isa = PBXBuildFile; fileRef = BD6C22A81314625800992935 /* GTObject.m */; };
		BD6C23EC131478A100992935 /* GTCommitTest.m in Sources */ = {isa = PBXBuildFile; fileRef = BD6C23EB131478A100992935 /* GTCommitTest.m */; };
		BD6C254613148DD300992935 /* GTSignature.m in Sources */ = {isa = PBXBuildFile; fileRef = BD6C254413148DC900992935 /* GTSignature.m */; };
		BD8F69D0131F0AEE009DA3A1 /* GTReferenceTest.m in Sources */ = {isa = PBXBuildFile; fileRef = BD8F69CF131F0AEE009DA3A1 /* GTReferenceTest.m */; };
		BDAC76F5132FC18400B57507 /* fixtures in Resources */ = {isa = PBXBuildFile; fileRef = BDAC76F4132FC18400B57507 /* fixtures */; };
		BDB2B1301386F34300C88D55 /* GTObjectDatabase.h in Headers */ = {isa = PBXBuildFile; fileRef = 55C8054C13861F34004DCB0F /* GTObjectDatabase.h */; settings = {ATTRIBUTES = (Public, ); }; };
		BDD6272A1318322E00DE34D1 /* GTTreeTest.m in Sources */ = {isa = PBXBuildFile; fileRef = BDD627291318322E00DE34D1 /* GTTreeTest.m */; };
		BDD62796131838A800DE34D1 /* GTBlobTest.m in Sources */ = {isa = PBXBuildFile; fileRef = BDD62795131838A800DE34D1 /* GTBlobTest.m */; };
		BDD627991318391200DE34D1 /* GTBlob.h in Headers */ = {isa = PBXBuildFile; fileRef = BDD627971318391200DE34D1 /* GTBlob.h */; settings = {ATTRIBUTES = (Public, ); }; };
		BDD6279A1318391200DE34D1 /* GTBlob.m in Sources */ = {isa = PBXBuildFile; fileRef = BDD627981318391200DE34D1 /* GTBlob.m */; };
		BDD62921131C035500DE34D1 /* GTTagTest.m in Sources */ = {isa = PBXBuildFile; fileRef = BDD62920131C035500DE34D1 /* GTTagTest.m */; };
		BDD62924131C03D600DE34D1 /* GTTag.h in Headers */ = {isa = PBXBuildFile; fileRef = BDD62922131C03D600DE34D1 /* GTTag.h */; settings = {ATTRIBUTES = (Public, ); }; };
		BDD62925131C03D600DE34D1 /* GTTag.m in Sources */ = {isa = PBXBuildFile; fileRef = BDD62923131C03D600DE34D1 /* GTTag.m */; };
		BDD8AE6F13131B8800CB5D40 /* GTEnumerator.h in Headers */ = {isa = PBXBuildFile; fileRef = BDD8AE6D13131B8800CB5D40 /* GTEnumerator.h */; settings = {ATTRIBUTES = (Public, ); }; };
		BDD8AE7013131B8800CB5D40 /* GTEnumerator.m in Sources */ = {isa = PBXBuildFile; fileRef = BDD8AE6E13131B8800CB5D40 /* GTEnumerator.m */; };
		BDD8AF19131331F800CB5D40 /* GHUnitTestMain.m in Sources */ = {isa = PBXBuildFile; fileRef = BDD8AF18131331F800CB5D40 /* GHUnitTestMain.m */; };
		BDD8AF1A1313320E00CB5D40 /* ObjectiveGit.framework in Frameworks */ = {isa = PBXBuildFile; fileRef = 8DC2EF5B0486A6940098B216 /* ObjectiveGit.framework */; };
		BDD8AF29131332E400CB5D40 /* GTRepositoryTest.m in Sources */ = {isa = PBXBuildFile; fileRef = BDD8AF28131332E400CB5D40 /* GTRepositoryTest.m */; };
		BDD8AF39131333EE00CB5D40 /* GHUnit.framework in Frameworks */ = {isa = PBXBuildFile; fileRef = BDD8AF38131333EE00CB5D40 /* GHUnit.framework */; };
		BDD8AF5F1313342800CB5D40 /* GHUnit.framework in CopyFiles */ = {isa = PBXBuildFile; fileRef = BDD8AF38131333EE00CB5D40 /* GHUnit.framework */; };
		BDD8AFAB131337E500CB5D40 /* RunTests.sh in Resources */ = {isa = PBXBuildFile; fileRef = BDD8AFAA131337E500CB5D40 /* RunTests.sh */; };
		BDD9C3DC133BA580003708E7 /* GHUnitIOS.framework in Frameworks */ = {isa = PBXBuildFile; fileRef = BDD9C3DB133BA580003708E7 /* GHUnitIOS.framework */; };
		BDD9C3FE133BA604003708E7 /* Foundation.framework in Frameworks */ = {isa = PBXBuildFile; fileRef = BDD9C3FD133BA604003708E7 /* Foundation.framework */; };
		BDD9C400133BA604003708E7 /* UIKit.framework in Frameworks */ = {isa = PBXBuildFile; fileRef = BDD9C3FF133BA604003708E7 /* UIKit.framework */; };
		BDD9C4EA133BB14E003708E7 /* libz.dylib in Frameworks */ = {isa = PBXBuildFile; fileRef = 04DB4671133AB5FE00D9C624 /* libz.dylib */; };
		BDD9C4F1133BB1ED003708E7 /* libgit2-iOS.a in Frameworks */ = {isa = PBXBuildFile; fileRef = BDD9C4F0133BB1ED003708E7 /* libgit2-iOS.a */; };
		BDD9C51E133BB829003708E7 /* fixtures in Resources */ = {isa = PBXBuildFile; fileRef = BDAC76F4132FC18400B57507 /* fixtures */; };
		BDE4C064130EFE2C00851650 /* NSError+Git.h in Headers */ = {isa = PBXBuildFile; fileRef = BDE4C060130EFE2C00851650 /* NSError+Git.h */; settings = {ATTRIBUTES = (Public, ); }; };
		BDE4C065130EFE2C00851650 /* NSError+Git.m in Sources */ = {isa = PBXBuildFile; fileRef = BDE4C061130EFE2C00851650 /* NSError+Git.m */; };
		BDE4C066130EFE2C00851650 /* GTRepository.h in Headers */ = {isa = PBXBuildFile; fileRef = BDE4C062130EFE2C00851650 /* GTRepository.h */; settings = {ATTRIBUTES = (Public, ); }; };
		BDE4C067130EFE2C00851650 /* GTRepository.m in Sources */ = {isa = PBXBuildFile; fileRef = BDE4C063130EFE2C00851650 /* GTRepository.m */; };
		BDFAF9A0131C16F2000508BC /* GTRepositoryPackTest.m in Sources */ = {isa = PBXBuildFile; fileRef = BDFAF99F131C16F2000508BC /* GTRepositoryPackTest.m */; };
		BDFAF9C3131C1845000508BC /* GTIndex.h in Headers */ = {isa = PBXBuildFile; fileRef = BDFAF9C1131C1845000508BC /* GTIndex.h */; settings = {ATTRIBUTES = (Public, ); }; };
		BDFAF9C4131C1845000508BC /* GTIndex.m in Sources */ = {isa = PBXBuildFile; fileRef = BDFAF9C2131C1845000508BC /* GTIndex.m */; };
		BDFAF9C9131C1868000508BC /* GTIndexEntry.h in Headers */ = {isa = PBXBuildFile; fileRef = BDFAF9C7131C1868000508BC /* GTIndexEntry.h */; settings = {ATTRIBUTES = (Public, ); }; };
		BDFAF9CA131C1868000508BC /* GTIndexEntry.m in Sources */ = {isa = PBXBuildFile; fileRef = BDFAF9C8131C1868000508BC /* GTIndexEntry.m */; };
		BDFAF9CE131C18FE000508BC /* GTIndexTest.m in Sources */ = {isa = PBXBuildFile; fileRef = BDFAF9CD131C18FE000508BC /* GTIndexTest.m */; };
		E9FFC6BF1577CC8300A9E736 /* GTConfiguration.m in Sources */ = {isa = PBXBuildFile; fileRef = 88EB7E4C14AEBA600046FEA4 /* GTConfiguration.m */; };
		E9FFC6C01577CC8A00A9E736 /* GTConfiguration.h in Headers */ = {isa = PBXBuildFile; fileRef = 88EB7E4B14AEBA600046FEA4 /* GTConfiguration.h */; settings = {ATTRIBUTES = (Public, ); }; };
/* End PBXBuildFile section */

/* Begin PBXContainerItemProxy section */
		0450E30C133BE0F8007234B5 /* PBXContainerItemProxy */ = {
			isa = PBXContainerItemProxy;
			containerPortal = 0867D690FE84028FC02AAC07 /* Project object */;
			proxyType = 1;
			remoteGlobalIDString = 04DB4644133AB57600D9C624;
			remoteInfo = "ObjectiveGit-iOS";
		};
		BD6C221C1314428300992935 /* PBXContainerItemProxy */ = {
			isa = PBXContainerItemProxy;
			containerPortal = 0867D690FE84028FC02AAC07 /* Project object */;
			proxyType = 1;
			remoteGlobalIDString = 8DC2EF4F0486A6940098B216;
			remoteInfo = ObjectiveGit;
		};
/* End PBXContainerItemProxy section */

/* Begin PBXCopyFilesBuildPhase section */
		79262F0F13C697BE00A4B1EA /* Copy git2 Headers */ = {
			isa = PBXCopyFilesBuildPhase;
			buildActionMask = 2147483647;
			dstPath = Headers;
			dstSubfolderSpec = 1;
			files = (
				79262F1013C697C100A4B1EA /* git2 in Copy git2 Headers */,
			);
			name = "Copy git2 Headers";
			runOnlyForDeploymentPostprocessing = 0;
		};
		BDD8AF0B131331B700CB5D40 /* CopyFiles */ = {
			isa = PBXCopyFilesBuildPhase;
			buildActionMask = 2147483647;
			dstPath = "";
			dstSubfolderSpec = 10;
			files = (
				BDD8AF5F1313342800CB5D40 /* GHUnit.framework in CopyFiles */,
			);
			runOnlyForDeploymentPostprocessing = 0;
		};
/* End PBXCopyFilesBuildPhase section */

/* Begin PBXFileReference section */
		04DB4645133AB57600D9C624 /* libObjectiveGit-iOS.a */ = {isa = PBXFileReference; explicitFileType = archive.ar; includeInIndex = 0; path = "libObjectiveGit-iOS.a"; sourceTree = BUILT_PRODUCTS_DIR; };
		04DB4671133AB5FE00D9C624 /* libz.dylib */ = {isa = PBXFileReference; lastKnownFileType = "compiled.mach-o.dylib"; name = libz.dylib; path = usr/lib/libz.dylib; sourceTree = SDKROOT; };
		0867D69BFE84028FC02AAC07 /* Foundation.framework */ = {isa = PBXFileReference; lastKnownFileType = wrapper.framework; name = Foundation.framework; path = /System/Library/Frameworks/Foundation.framework; sourceTree = "<absolute>"; };
		0867D6A5FE840307C02AAC07 /* AppKit.framework */ = {isa = PBXFileReference; lastKnownFileType = wrapper.framework; name = AppKit.framework; path = /System/Library/Frameworks/AppKit.framework; sourceTree = "<absolute>"; };
		089C1667FE841158C02AAC07 /* English */ = {isa = PBXFileReference; fileEncoding = 4; lastKnownFileType = text.plist.strings; name = English; path = English.lproj/InfoPlist.strings; sourceTree = "<group>"; };
		1058C7B1FEA5585E11CA2CBB /* Cocoa.framework */ = {isa = PBXFileReference; lastKnownFileType = wrapper.framework; name = Cocoa.framework; path = /System/Library/Frameworks/Cocoa.framework; sourceTree = "<absolute>"; };
		32DBCF5E0370ADEE00C91783 /* ObjectiveGitFramework_Prefix.pch */ = {isa = PBXFileReference; fileEncoding = 4; lastKnownFileType = sourcecode.c.h; path = ObjectiveGitFramework_Prefix.pch; sourceTree = "<group>"; };
		55C8054C13861F34004DCB0F /* GTObjectDatabase.h */ = {isa = PBXFileReference; fileEncoding = 4; lastKnownFileType = sourcecode.c.h; path = GTObjectDatabase.h; sourceTree = "<group>"; };
		55C8054D13861F34004DCB0F /* GTObjectDatabase.m */ = {isa = PBXFileReference; fileEncoding = 4; lastKnownFileType = sourcecode.c.objc; lineEnding = 0; path = GTObjectDatabase.m; sourceTree = "<group>"; xcLanguageSpecificationIdentifier = xcode.lang.objc; };
		55C8057213874CDF004DCB0F /* NSString+Git.h */ = {isa = PBXFileReference; fileEncoding = 4; lastKnownFileType = sourcecode.c.h; path = "NSString+Git.h"; sourceTree = "<group>"; };
		55C8057313874CDF004DCB0F /* NSString+Git.m */ = {isa = PBXFileReference; fileEncoding = 4; lastKnownFileType = sourcecode.c.objc; path = "NSString+Git.m"; sourceTree = "<group>"; };
		79262F0E13C697BE00A4B1EA /* git2 */ = {isa = PBXFileReference; lastKnownFileType = folder; name = git2; path = libgit2/include/git2; sourceTree = "<group>"; };
		79262F8A13C69B1600A4B1EA /* git2.h */ = {isa = PBXFileReference; fileEncoding = 4; lastKnownFileType = sourcecode.c.h; name = git2.h; path = libgit2/include/git2.h; sourceTree = "<group>"; };
		8803DA861313145700E6E818 /* libz.dylib */ = {isa = PBXFileReference; lastKnownFileType = "compiled.mach-o.dylib"; name = libz.dylib; path = usr/lib/libz.dylib; sourceTree = SDKROOT; };
		88383CF91468982B009012D5 /* libgit2.a */ = {isa = PBXFileReference; lastKnownFileType = archive.ar; path = libgit2.a; sourceTree = "<group>"; };
		8849C6A114AD81FF003890AF /* GTRepository+Private.h */ = {isa = PBXFileReference; fileEncoding = 4; lastKnownFileType = sourcecode.c.h; path = "GTRepository+Private.h"; sourceTree = "<group>"; };
		887170971579145A009B41D5 /* ObjectiveGit.m */ = {isa = PBXFileReference; fileEncoding = 4; lastKnownFileType = sourcecode.c.objc; path = ObjectiveGit.m; sourceTree = "<group>"; };
		88EB7E4B14AEBA600046FEA4 /* GTConfiguration.h */ = {isa = PBXFileReference; fileEncoding = 4; lastKnownFileType = sourcecode.c.h; path = GTConfiguration.h; sourceTree = "<group>"; };
		88EB7E4C14AEBA600046FEA4 /* GTConfiguration.m */ = {isa = PBXFileReference; fileEncoding = 4; lastKnownFileType = sourcecode.c.objc; path = GTConfiguration.m; sourceTree = "<group>"; };
		88EB7E5114AEC7460046FEA4 /* GTConfigurationTest.m */ = {isa = PBXFileReference; fileEncoding = 4; lastKnownFileType = sourcecode.c.objc; path = GTConfigurationTest.m; sourceTree = "<group>"; };
		88F50F56132054D800584FBE /* GTBranch.h */ = {isa = PBXFileReference; fileEncoding = 4; lastKnownFileType = sourcecode.c.h; path = GTBranch.h; sourceTree = "<group>"; };
		88F50F57132054D800584FBE /* GTBranch.m */ = {isa = PBXFileReference; fileEncoding = 4; lastKnownFileType = sourcecode.c.objc; lineEnding = 0; path = GTBranch.m; sourceTree = "<group>"; xcLanguageSpecificationIdentifier = xcode.lang.objc; };
		88F6D9D81320451F00CC0BA8 /* ObjectiveGit.h */ = {isa = PBXFileReference; fileEncoding = 4; lastKnownFileType = sourcecode.c.h; lineEnding = 0; name = ObjectiveGit.h; path = Classes/ObjectiveGit.h; sourceTree = "<group>"; xcLanguageSpecificationIdentifier = xcode.lang.objcpp; };
		8DC2EF5A0486A6940098B216 /* Info.plist */ = {isa = PBXFileReference; fileEncoding = 4; lastKnownFileType = text.plist.xml; path = Info.plist; sourceTree = "<group>"; };
		8DC2EF5B0486A6940098B216 /* ObjectiveGit.framework */ = {isa = PBXFileReference; explicitFileType = wrapper.framework; includeInIndex = 0; path = ObjectiveGit.framework; sourceTree = BUILT_PRODUCTS_DIR; };
		AA046110134F4D2000DF526B /* GTOdbObject.h */ = {isa = PBXFileReference; fileEncoding = 4; lastKnownFileType = sourcecode.c.h; path = GTOdbObject.h; sourceTree = "<group>"; };
		AA046111134F4D2000DF526B /* GTOdbObject.m */ = {isa = PBXFileReference; fileEncoding = 4; lastKnownFileType = sourcecode.c.objc; lineEnding = 0; path = GTOdbObject.m; sourceTree = "<group>"; xcLanguageSpecificationIdentifier = xcode.lang.objc; };
		BD441E06131ED0C300187010 /* GTReference.h */ = {isa = PBXFileReference; fileEncoding = 4; lastKnownFileType = sourcecode.c.h; path = GTReference.h; sourceTree = "<group>"; };
		BD441E07131ED0C300187010 /* GTReference.m */ = {isa = PBXFileReference; fileEncoding = 4; lastKnownFileType = sourcecode.c.objc; lineEnding = 0; path = GTReference.m; sourceTree = "<group>"; xcLanguageSpecificationIdentifier = xcode.lang.objc; };
		BD5B2FD61329686F00251129 /* GTBranchTest.m */ = {isa = PBXFileReference; fileEncoding = 4; lastKnownFileType = sourcecode.c.objc; lineEnding = 0; path = GTBranchTest.m; sourceTree = "<group>"; xcLanguageSpecificationIdentifier = xcode.lang.objc; };
		BD6B040F131496B8001909D0 /* GTTree.h */ = {isa = PBXFileReference; fileEncoding = 4; lastKnownFileType = sourcecode.c.h; path = GTTree.h; sourceTree = "<group>"; };
		BD6B0410131496B8001909D0 /* GTTree.m */ = {isa = PBXFileReference; fileEncoding = 4; lastKnownFileType = sourcecode.c.objc; lineEnding = 0; path = GTTree.m; sourceTree = "<group>"; xcLanguageSpecificationIdentifier = xcode.lang.objc; };
		BD6B0415131496CC001909D0 /* GTTreeEntry.h */ = {isa = PBXFileReference; fileEncoding = 4; lastKnownFileType = sourcecode.c.h; path = GTTreeEntry.h; sourceTree = "<group>"; };
		BD6B0416131496CC001909D0 /* GTTreeEntry.m */ = {isa = PBXFileReference; fileEncoding = 4; lastKnownFileType = sourcecode.c.objc; lineEnding = 0; path = GTTreeEntry.m; sourceTree = "<group>"; xcLanguageSpecificationIdentifier = xcode.lang.objc; };
		BD6B07F91316F24D001909D0 /* GTObjectTest.m */ = {isa = PBXFileReference; fileEncoding = 4; lastKnownFileType = sourcecode.c.objc; lineEnding = 0; path = GTObjectTest.m; sourceTree = "<group>"; xcLanguageSpecificationIdentifier = xcode.lang.objc; };
		BD6B08921316FB55001909D0 /* Contants.h */ = {isa = PBXFileReference; fileEncoding = 4; lastKnownFileType = sourcecode.c.h; lineEnding = 0; path = Contants.h; sourceTree = "<group>"; xcLanguageSpecificationIdentifier = xcode.lang.objcpp; };
		BD6C22401314453900992935 /* GTWalkerTest.m */ = {isa = PBXFileReference; fileEncoding = 4; lastKnownFileType = sourcecode.c.objc; lineEnding = 0; path = GTWalkerTest.m; sourceTree = "<group>"; xcLanguageSpecificationIdentifier = xcode.lang.objc; };
		BD6C22421314481B00992935 /* GTLibTest.m */ = {isa = PBXFileReference; fileEncoding = 4; lastKnownFileType = sourcecode.c.objc; lineEnding = 0; path = GTLibTest.m; sourceTree = "<group>"; xcLanguageSpecificationIdentifier = xcode.lang.objc; };
		BD6C2266131459E700992935 /* NSData+Git.h */ = {isa = PBXFileReference; fileEncoding = 4; lastKnownFileType = sourcecode.c.h; path = "NSData+Git.h"; sourceTree = "<group>"; };
		BD6C2267131459E700992935 /* NSData+Git.m */ = {isa = PBXFileReference; fileEncoding = 4; lastKnownFileType = sourcecode.c.objc; path = "NSData+Git.m"; sourceTree = "<group>"; };
		BD6C22A41314609A00992935 /* GTCommit.h */ = {isa = PBXFileReference; fileEncoding = 4; lastKnownFileType = sourcecode.c.h; path = GTCommit.h; sourceTree = "<group>"; };
		BD6C22A51314609A00992935 /* GTCommit.m */ = {isa = PBXFileReference; fileEncoding = 4; lastKnownFileType = sourcecode.c.objc; lineEnding = 0; path = GTCommit.m; sourceTree = "<group>"; xcLanguageSpecificationIdentifier = xcode.lang.objc; };
		BD6C22A71314625800992935 /* GTObject.h */ = {isa = PBXFileReference; fileEncoding = 4; lastKnownFileType = sourcecode.c.h; path = GTObject.h; sourceTree = "<group>"; };
		BD6C22A81314625800992935 /* GTObject.m */ = {isa = PBXFileReference; fileEncoding = 4; lastKnownFileType = sourcecode.c.objc; lineEnding = 0; path = GTObject.m; sourceTree = "<group>"; xcLanguageSpecificationIdentifier = xcode.lang.objc; };
		BD6C23EB131478A100992935 /* GTCommitTest.m */ = {isa = PBXFileReference; fileEncoding = 4; lastKnownFileType = sourcecode.c.objc; lineEnding = 0; path = GTCommitTest.m; sourceTree = "<group>"; xcLanguageSpecificationIdentifier = xcode.lang.objc; };
		BD6C254313148DC900992935 /* GTSignature.h */ = {isa = PBXFileReference; fileEncoding = 4; lastKnownFileType = sourcecode.c.h; path = GTSignature.h; sourceTree = "<group>"; };
		BD6C254413148DC900992935 /* GTSignature.m */ = {isa = PBXFileReference; fileEncoding = 4; lastKnownFileType = sourcecode.c.objc; path = GTSignature.m; sourceTree = "<group>"; };
		BD8F69CF131F0AEE009DA3A1 /* GTReferenceTest.m */ = {isa = PBXFileReference; fileEncoding = 4; lastKnownFileType = sourcecode.c.objc; lineEnding = 0; path = GTReferenceTest.m; sourceTree = "<group>"; xcLanguageSpecificationIdentifier = xcode.lang.objc; };
		BDAC76F4132FC18400B57507 /* fixtures */ = {isa = PBXFileReference; lastKnownFileType = folder; path = fixtures; sourceTree = "<group>"; };
		BDD627291318322E00DE34D1 /* GTTreeTest.m */ = {isa = PBXFileReference; fileEncoding = 4; lastKnownFileType = sourcecode.c.objc; lineEnding = 0; path = GTTreeTest.m; sourceTree = "<group>"; xcLanguageSpecificationIdentifier = xcode.lang.objc; };
		BDD62795131838A800DE34D1 /* GTBlobTest.m */ = {isa = PBXFileReference; fileEncoding = 4; lastKnownFileType = sourcecode.c.objc; lineEnding = 0; path = GTBlobTest.m; sourceTree = "<group>"; xcLanguageSpecificationIdentifier = xcode.lang.objc; };
		BDD627971318391200DE34D1 /* GTBlob.h */ = {isa = PBXFileReference; fileEncoding = 4; lastKnownFileType = sourcecode.c.h; path = GTBlob.h; sourceTree = "<group>"; };
		BDD627981318391200DE34D1 /* GTBlob.m */ = {isa = PBXFileReference; fileEncoding = 4; lastKnownFileType = sourcecode.c.objc; lineEnding = 0; path = GTBlob.m; sourceTree = "<group>"; xcLanguageSpecificationIdentifier = xcode.lang.objc; };
		BDD62920131C035500DE34D1 /* GTTagTest.m */ = {isa = PBXFileReference; fileEncoding = 4; lastKnownFileType = sourcecode.c.objc; lineEnding = 0; path = GTTagTest.m; sourceTree = "<group>"; xcLanguageSpecificationIdentifier = xcode.lang.objc; };
		BDD62922131C03D600DE34D1 /* GTTag.h */ = {isa = PBXFileReference; fileEncoding = 4; lastKnownFileType = sourcecode.c.h; path = GTTag.h; sourceTree = "<group>"; };
		BDD62923131C03D600DE34D1 /* GTTag.m */ = {isa = PBXFileReference; fileEncoding = 4; lastKnownFileType = sourcecode.c.objc; lineEnding = 0; path = GTTag.m; sourceTree = "<group>"; xcLanguageSpecificationIdentifier = xcode.lang.objc; };
		BDD8AB01130F01AB00CB5D40 /* README.md */ = {isa = PBXFileReference; fileEncoding = 4; lastKnownFileType = text; path = README.md; sourceTree = "<group>"; };
		BDD8AE6D13131B8800CB5D40 /* GTEnumerator.h */ = {isa = PBXFileReference; fileEncoding = 4; lastKnownFileType = sourcecode.c.h; path = GTEnumerator.h; sourceTree = "<group>"; };
		BDD8AE6E13131B8800CB5D40 /* GTEnumerator.m */ = {isa = PBXFileReference; fileEncoding = 4; lastKnownFileType = sourcecode.c.objc; lineEnding = 0; path = GTEnumerator.m; sourceTree = "<group>"; xcLanguageSpecificationIdentifier = xcode.lang.objc; };
		BDD8AEDF1313311100CB5D40 /* Tests.app */ = {isa = PBXFileReference; explicitFileType = wrapper.application; includeInIndex = 0; path = Tests.app; sourceTree = BUILT_PRODUCTS_DIR; };
		BDD8AEE11313311100CB5D40 /* Tests-Info.plist */ = {isa = PBXFileReference; lastKnownFileType = text.plist.xml; path = "Tests-Info.plist"; sourceTree = "<group>"; };
		BDD8AF18131331F800CB5D40 /* GHUnitTestMain.m */ = {isa = PBXFileReference; fileEncoding = 4; lastKnownFileType = sourcecode.c.objc; path = GHUnitTestMain.m; sourceTree = "<group>"; };
		BDD8AF28131332E400CB5D40 /* GTRepositoryTest.m */ = {isa = PBXFileReference; fileEncoding = 4; lastKnownFileType = sourcecode.c.objc; lineEnding = 0; path = GTRepositoryTest.m; sourceTree = "<group>"; xcLanguageSpecificationIdentifier = xcode.lang.objc; };
		BDD8AF38131333EE00CB5D40 /* GHUnit.framework */ = {isa = PBXFileReference; lastKnownFileType = wrapper.framework; name = GHUnit.framework; path = Frameworks/GHUnit.framework; sourceTree = SOURCE_ROOT; };
		BDD8AFAA131337E500CB5D40 /* RunTests.sh */ = {isa = PBXFileReference; fileEncoding = 4; lastKnownFileType = text.script.sh; name = RunTests.sh; path = ../Scripts/RunTests.sh; sourceTree = "<group>"; };
		BDD9C3D5133BA556003708E7 /* Tests-iOS.app */ = {isa = PBXFileReference; explicitFileType = wrapper.application; includeInIndex = 0; path = "Tests-iOS.app"; sourceTree = BUILT_PRODUCTS_DIR; };
		BDD9C3D7133BA556003708E7 /* Tests-iOS-Info.plist */ = {isa = PBXFileReference; lastKnownFileType = text.plist.xml; path = "Tests-iOS-Info.plist"; sourceTree = "<group>"; };
		BDD9C3DB133BA580003708E7 /* GHUnitIOS.framework */ = {isa = PBXFileReference; lastKnownFileType = wrapper.framework; name = GHUnitIOS.framework; path = Frameworks/GHUnitIOS.framework; sourceTree = SOURCE_ROOT; };
		BDD9C3FB133BA604003708E7 /* CoreGraphics.framework */ = {isa = PBXFileReference; lastKnownFileType = wrapper.framework; name = CoreGraphics.framework; path = System/Library/Frameworks/CoreGraphics.framework; sourceTree = SDKROOT; };
		BDD9C3FD133BA604003708E7 /* Foundation.framework */ = {isa = PBXFileReference; lastKnownFileType = wrapper.framework; name = Foundation.framework; path = System/Library/Frameworks/Foundation.framework; sourceTree = SDKROOT; };
		BDD9C3FF133BA604003708E7 /* UIKit.framework */ = {isa = PBXFileReference; lastKnownFileType = wrapper.framework; name = UIKit.framework; path = System/Library/Frameworks/UIKit.framework; sourceTree = SDKROOT; };
		BDD9C486133BA73E003708E7 /* GHUnitIOSTestMain.m */ = {isa = PBXFileReference; fileEncoding = 4; lastKnownFileType = sourcecode.c.objc; path = GHUnitIOSTestMain.m; sourceTree = "<group>"; };
		BDD9C4F0133BB1ED003708E7 /* libgit2-iOS.a */ = {isa = PBXFileReference; lastKnownFileType = archive.ar; name = "libgit2-iOS.a"; path = "libgit2/lib/libgit2-iOS.a"; sourceTree = "<group>"; };
		BDE4C060130EFE2C00851650 /* NSError+Git.h */ = {isa = PBXFileReference; fileEncoding = 4; lastKnownFileType = sourcecode.c.h; path = "NSError+Git.h"; sourceTree = "<group>"; };
		BDE4C061130EFE2C00851650 /* NSError+Git.m */ = {isa = PBXFileReference; fileEncoding = 4; lastKnownFileType = sourcecode.c.objc; path = "NSError+Git.m"; sourceTree = "<group>"; };
		BDE4C062130EFE2C00851650 /* GTRepository.h */ = {isa = PBXFileReference; fileEncoding = 4; lastKnownFileType = sourcecode.c.h; path = GTRepository.h; sourceTree = "<group>"; };
		BDE4C063130EFE2C00851650 /* GTRepository.m */ = {isa = PBXFileReference; fileEncoding = 4; lastKnownFileType = sourcecode.c.objc; lineEnding = 0; path = GTRepository.m; sourceTree = "<group>"; xcLanguageSpecificationIdentifier = xcode.lang.objc; };
		BDFAF99F131C16F2000508BC /* GTRepositoryPackTest.m */ = {isa = PBXFileReference; fileEncoding = 4; lastKnownFileType = sourcecode.c.objc; lineEnding = 0; path = GTRepositoryPackTest.m; sourceTree = "<group>"; xcLanguageSpecificationIdentifier = xcode.lang.objc; };
		BDFAF9C1131C1845000508BC /* GTIndex.h */ = {isa = PBXFileReference; fileEncoding = 4; lastKnownFileType = sourcecode.c.h; path = GTIndex.h; sourceTree = "<group>"; };
		BDFAF9C2131C1845000508BC /* GTIndex.m */ = {isa = PBXFileReference; fileEncoding = 4; lastKnownFileType = sourcecode.c.objc; path = GTIndex.m; sourceTree = "<group>"; };
		BDFAF9C7131C1868000508BC /* GTIndexEntry.h */ = {isa = PBXFileReference; fileEncoding = 4; lastKnownFileType = sourcecode.c.h; path = GTIndexEntry.h; sourceTree = "<group>"; };
		BDFAF9C8131C1868000508BC /* GTIndexEntry.m */ = {isa = PBXFileReference; fileEncoding = 4; lastKnownFileType = sourcecode.c.objc; lineEnding = 0; path = GTIndexEntry.m; sourceTree = "<group>"; xcLanguageSpecificationIdentifier = xcode.lang.objc; };
		BDFAF9CD131C18FE000508BC /* GTIndexTest.m */ = {isa = PBXFileReference; fileEncoding = 4; lastKnownFileType = sourcecode.c.objc; lineEnding = 0; path = GTIndexTest.m; sourceTree = "<group>"; xcLanguageSpecificationIdentifier = xcode.lang.objc; };
		D2F7E79907B2D74100F64583 /* CoreData.framework */ = {isa = PBXFileReference; lastKnownFileType = wrapper.framework; name = CoreData.framework; path = /System/Library/Frameworks/CoreData.framework; sourceTree = "<absolute>"; };
/* End PBXFileReference section */

/* Begin PBXFrameworksBuildPhase section */
		04DB4643133AB57600D9C624 /* Frameworks */ = {
			isa = PBXFrameworksBuildPhase;
			buildActionMask = 2147483647;
			files = (
				04DB4672133AB5FE00D9C624 /* libz.dylib in Frameworks */,
				BDD9C4F1133BB1ED003708E7 /* libgit2-iOS.a in Frameworks */,
			);
			runOnlyForDeploymentPostprocessing = 0;
		};
		8DC2EF560486A6940098B216 /* Frameworks */ = {
			isa = PBXFrameworksBuildPhase;
			buildActionMask = 2147483647;
			files = (
				8DC2EF570486A6940098B216 /* Cocoa.framework in Frameworks */,
				8803DA871313145700E6E818 /* libz.dylib in Frameworks */,
				88383CFA1468982B009012D5 /* libgit2.a in Frameworks */,
			);
			runOnlyForDeploymentPostprocessing = 0;
		};
		BDD8AEDD1313311100CB5D40 /* Frameworks */ = {
			isa = PBXFrameworksBuildPhase;
			buildActionMask = 2147483647;
			files = (
				BDD8AF39131333EE00CB5D40 /* GHUnit.framework in Frameworks */,
				BDD8AF1A1313320E00CB5D40 /* ObjectiveGit.framework in Frameworks */,
				88383CFB1468982B009012D5 /* libgit2.a in Frameworks */,
			);
			runOnlyForDeploymentPostprocessing = 0;
		};
		BDD9C3D3133BA556003708E7 /* Frameworks */ = {
			isa = PBXFrameworksBuildPhase;
			buildActionMask = 2147483647;
			files = (
				0450E33A133BE25B007234B5 /* libObjectiveGit-iOS.a in Frameworks */,
				0450E32F133BE20F007234B5 /* CoreGraphics.framework in Frameworks */,
				BDD9C3DC133BA580003708E7 /* GHUnitIOS.framework in Frameworks */,
				BDD9C3FE133BA604003708E7 /* Foundation.framework in Frameworks */,
				BDD9C400133BA604003708E7 /* UIKit.framework in Frameworks */,
				BDD9C4EA133BB14E003708E7 /* libz.dylib in Frameworks */,
			);
			runOnlyForDeploymentPostprocessing = 0;
		};
/* End PBXFrameworksBuildPhase section */

/* Begin PBXGroup section */
		034768DFFF38A50411DB9C8B /* Products */ = {
			isa = PBXGroup;
			children = (
				8DC2EF5B0486A6940098B216 /* ObjectiveGit.framework */,
				BDD8AEDF1313311100CB5D40 /* Tests.app */,
				04DB4645133AB57600D9C624 /* libObjectiveGit-iOS.a */,
				BDD9C3D5133BA556003708E7 /* Tests-iOS.app */,
			);
			name = Products;
			sourceTree = "<group>";
		};
		0867D691FE84028FC02AAC07 /* ObjectiveGitFramework */ = {
			isa = PBXGroup;
			children = (
				BDD8AB01130F01AB00CB5D40 /* README.md */,
				BDE4C05E130EFE2C00851650 /* Classes */,
				BDD8AF27131332B000CB5D40 /* Tests */,
				32C88DFF0371C24200C91783 /* Other Sources */,
				089C1665FE841158C02AAC07 /* Resources */,
				BDD9C2F2133BA3F7003708E7 /* External Frameworks and Libraries iOS */,
				0867D69AFE84028FC02AAC07 /* External Frameworks and Libraries */,
				034768DFFF38A50411DB9C8B /* Products */,
				BDD8AEE11313311100CB5D40 /* Tests-Info.plist */,
				BDD9C3D7133BA556003708E7 /* Tests-iOS-Info.plist */,
			);
			name = ObjectiveGitFramework;
			sourceTree = "<group>";
		};
		0867D69AFE84028FC02AAC07 /* External Frameworks and Libraries */ = {
			isa = PBXGroup;
			children = (
				1058C7B0FEA5585E11CA2CBB /* Linked Frameworks */,
				1058C7B2FEA5585E11CA2CBB /* Other Frameworks */,
			);
			name = "External Frameworks and Libraries";
			sourceTree = "<group>";
		};
		089C1665FE841158C02AAC07 /* Resources */ = {
			isa = PBXGroup;
			children = (
				8DC2EF5A0486A6940098B216 /* Info.plist */,
				089C1666FE841158C02AAC07 /* InfoPlist.strings */,
			);
			name = Resources;
			sourceTree = "<group>";
		};
		1058C7B0FEA5585E11CA2CBB /* Linked Frameworks */ = {
			isa = PBXGroup;
			children = (
				88383CF91468982B009012D5 /* libgit2.a */,
				1058C7B1FEA5585E11CA2CBB /* Cocoa.framework */,
				8803DA861313145700E6E818 /* libz.dylib */,
			);
			name = "Linked Frameworks";
			sourceTree = "<group>";
		};
		1058C7B2FEA5585E11CA2CBB /* Other Frameworks */ = {
			isa = PBXGroup;
			children = (
				0867D6A5FE840307C02AAC07 /* AppKit.framework */,
				D2F7E79907B2D74100F64583 /* CoreData.framework */,
				0867D69BFE84028FC02AAC07 /* Foundation.framework */,
			);
			name = "Other Frameworks";
			sourceTree = "<group>";
		};
		32C88DFF0371C24200C91783 /* Other Sources */ = {
			isa = PBXGroup;
			children = (
				79262F8A13C69B1600A4B1EA /* git2.h */,
				79262F0E13C697BE00A4B1EA /* git2 */,
				88F6D9D81320451F00CC0BA8 /* ObjectiveGit.h */,
				887170971579145A009B41D5 /* ObjectiveGit.m */,
				BDD8AF18131331F800CB5D40 /* GHUnitTestMain.m */,
				BDD9C486133BA73E003708E7 /* GHUnitIOSTestMain.m */,
				32DBCF5E0370ADEE00C91783 /* ObjectiveGitFramework_Prefix.pch */,
			);
			name = "Other Sources";
			sourceTree = "<group>";
		};
		BDD8AF27131332B000CB5D40 /* Tests */ = {
			isa = PBXGroup;
			children = (
				BDD8AFAA131337E500CB5D40 /* RunTests.sh */,
				BDAC76F4132FC18400B57507 /* fixtures */,
				BDD8AF38131333EE00CB5D40 /* GHUnit.framework */,
				BDD9C3DB133BA580003708E7 /* GHUnitIOS.framework */,
				BD6B08921316FB55001909D0 /* Contants.h */,
				BDD8AF28131332E400CB5D40 /* GTRepositoryTest.m */,
				BDFAF99F131C16F2000508BC /* GTRepositoryPackTest.m */,
				BD6C22401314453900992935 /* GTWalkerTest.m */,
				BD6C22421314481B00992935 /* GTLibTest.m */,
				BD6B07F91316F24D001909D0 /* GTObjectTest.m */,
				BD6C23EB131478A100992935 /* GTCommitTest.m */,
				BDD62795131838A800DE34D1 /* GTBlobTest.m */,
				BDD627291318322E00DE34D1 /* GTTreeTest.m */,
				BDD62920131C035500DE34D1 /* GTTagTest.m */,
				BDFAF9CD131C18FE000508BC /* GTIndexTest.m */,
				BD8F69CF131F0AEE009DA3A1 /* GTReferenceTest.m */,
				BD5B2FD61329686F00251129 /* GTBranchTest.m */,
				88EB7E5114AEC7460046FEA4 /* GTConfigurationTest.m */,
			);
			path = Tests;
			sourceTree = "<group>";
		};
		BDD9C2F2133BA3F7003708E7 /* External Frameworks and Libraries iOS */ = {
			isa = PBXGroup;
			children = (
				BDD9C2F3133BA418003708E7 /* Linked Frameworks */,
				BDD9C406133BA6C5003708E7 /* Other Frameworks */,
			);
			name = "External Frameworks and Libraries iOS";
			sourceTree = "<group>";
		};
		BDD9C2F3133BA418003708E7 /* Linked Frameworks */ = {
			isa = PBXGroup;
			children = (
				BDD9C4F0133BB1ED003708E7 /* libgit2-iOS.a */,
				04DB4671133AB5FE00D9C624 /* libz.dylib */,
			);
			name = "Linked Frameworks";
			sourceTree = "<group>";
		};
		BDD9C406133BA6C5003708E7 /* Other Frameworks */ = {
			isa = PBXGroup;
			children = (
				BDD9C3FB133BA604003708E7 /* CoreGraphics.framework */,
				BDD9C3FD133BA604003708E7 /* Foundation.framework */,
				BDD9C3FF133BA604003708E7 /* UIKit.framework */,
			);
			name = "Other Frameworks";
			sourceTree = "<group>";
		};
		BDE4C05E130EFE2C00851650 /* Classes */ = {
			isa = PBXGroup;
			children = (
				BDE4C05F130EFE2C00851650 /* Categories */,
				BDE4C062130EFE2C00851650 /* GTRepository.h */,
				8849C6A114AD81FF003890AF /* GTRepository+Private.h */,
				BDE4C063130EFE2C00851650 /* GTRepository.m */,
				BDD8AE6D13131B8800CB5D40 /* GTEnumerator.h */,
				BDD8AE6E13131B8800CB5D40 /* GTEnumerator.m */,
				BD6C22A71314625800992935 /* GTObject.h */,
				BD6C22A81314625800992935 /* GTObject.m */,
				BD6C22A41314609A00992935 /* GTCommit.h */,
				BD6C22A51314609A00992935 /* GTCommit.m */,
				BD6C254313148DC900992935 /* GTSignature.h */,
				BD6C254413148DC900992935 /* GTSignature.m */,
				BDD627971318391200DE34D1 /* GTBlob.h */,
				BDD627981318391200DE34D1 /* GTBlob.m */,
				BD6B040F131496B8001909D0 /* GTTree.h */,
				BD6B0410131496B8001909D0 /* GTTree.m */,
				BD6B0415131496CC001909D0 /* GTTreeEntry.h */,
				BD6B0416131496CC001909D0 /* GTTreeEntry.m */,
				BDD62922131C03D600DE34D1 /* GTTag.h */,
				BDD62923131C03D600DE34D1 /* GTTag.m */,
				BDFAF9C1131C1845000508BC /* GTIndex.h */,
				BDFAF9C2131C1845000508BC /* GTIndex.m */,
				BDFAF9C7131C1868000508BC /* GTIndexEntry.h */,
				BDFAF9C8131C1868000508BC /* GTIndexEntry.m */,
				BD441E06131ED0C300187010 /* GTReference.h */,
				BD441E07131ED0C300187010 /* GTReference.m */,
				88F50F56132054D800584FBE /* GTBranch.h */,
				88F50F57132054D800584FBE /* GTBranch.m */,
				55C8054C13861F34004DCB0F /* GTObjectDatabase.h */,
				55C8054D13861F34004DCB0F /* GTObjectDatabase.m */,
				AA046110134F4D2000DF526B /* GTOdbObject.h */,
				AA046111134F4D2000DF526B /* GTOdbObject.m */,
				88EB7E4B14AEBA600046FEA4 /* GTConfiguration.h */,
				88EB7E4C14AEBA600046FEA4 /* GTConfiguration.m */,
			);
			path = Classes;
			sourceTree = "<group>";
		};
		BDE4C05F130EFE2C00851650 /* Categories */ = {
			isa = PBXGroup;
			children = (
				BD6C2266131459E700992935 /* NSData+Git.h */,
				BD6C2267131459E700992935 /* NSData+Git.m */,
				BDE4C060130EFE2C00851650 /* NSError+Git.h */,
				BDE4C061130EFE2C00851650 /* NSError+Git.m */,
				55C8057213874CDF004DCB0F /* NSString+Git.h */,
				55C8057313874CDF004DCB0F /* NSString+Git.m */,
			);
			path = Categories;
			sourceTree = "<group>";
		};
/* End PBXGroup section */

/* Begin PBXHeadersBuildPhase section */
		04DB4641133AB57600D9C624 /* Headers */ = {
			isa = PBXHeadersBuildPhase;
			buildActionMask = 2147483647;
			files = (
				3E0A23E5159E0FDB00A6068F /* GTObjectDatabase.h in Headers */,
				04DB464E133AB5E200D9C624 /* NSError+Git.h in Headers */,
				55C8057F13875C62004DCB0F /* NSData+Git.h in Headers */,
				55C8058013875C6E004DCB0F /* NSString+Git.h in Headers */,
				04DB464F133AB5E200D9C624 /* GTRepository.h in Headers */,
				04DB4652133AB5E200D9C624 /* GTEnumerator.h in Headers */,
				04DB4653133AB5E200D9C624 /* GTTree.h in Headers */,
				04DB4654133AB5E200D9C624 /* GTTreeEntry.h in Headers */,
				04DB4655133AB5E200D9C624 /* GTBlob.h in Headers */,
				04DB4656133AB5E200D9C624 /* GTTag.h in Headers */,
				04DB4657133AB5E200D9C624 /* GTIndex.h in Headers */,
				04DB4658133AB5E200D9C624 /* GTIndexEntry.h in Headers */,
				04DB4659133AB5E200D9C624 /* GTReference.h in Headers */,
				04DB465A133AB5E200D9C624 /* ObjectiveGit.h in Headers */,
				04DB465B133AB5E200D9C624 /* GTCommit.h in Headers */,
				04DB465C133AB5E200D9C624 /* GTObject.h in Headers */,
				04DB465D133AB5E200D9C624 /* GTSignature.h in Headers */,
				04DB465E133AB5E200D9C624 /* GTBranch.h in Headers */,
				AA046113134F4D2000DF526B /* GTOdbObject.h in Headers */,
				E9FFC6C01577CC8A00A9E736 /* GTConfiguration.h in Headers */,
			);
			runOnlyForDeploymentPostprocessing = 0;
		};
		8DC2EF500486A6940098B216 /* Headers */ = {
			isa = PBXHeadersBuildPhase;
			buildActionMask = 2147483647;
			files = (
				BDD8AE6F13131B8800CB5D40 /* GTEnumerator.h in Headers */,
				BDE4C066130EFE2C00851650 /* GTRepository.h in Headers */,
				BD6B0411131496B8001909D0 /* GTTree.h in Headers */,
				BD6B0417131496CC001909D0 /* GTTreeEntry.h in Headers */,
				BDD627991318391200DE34D1 /* GTBlob.h in Headers */,
				BDD62924131C03D600DE34D1 /* GTTag.h in Headers */,
				BDFAF9C3131C1845000508BC /* GTIndex.h in Headers */,
				BDFAF9C9131C1868000508BC /* GTIndexEntry.h in Headers */,
				BD441E08131ED0C300187010 /* GTReference.h in Headers */,
				88F6D9D91320451F00CC0BA8 /* ObjectiveGit.h in Headers */,
				88F6D9FA1320467100CC0BA8 /* GTCommit.h in Headers */,
				88F6D9FB1320467500CC0BA8 /* GTObject.h in Headers */,
				AA046112134F4D2000DF526B /* GTOdbObject.h in Headers */,
				BDB2B1301386F34300C88D55 /* GTObjectDatabase.h in Headers */,
				88F6D9FC1320467800CC0BA8 /* GTSignature.h in Headers */,
				88F50F59132054D800584FBE /* GTBranch.h in Headers */,
				79262F8B13C69B1600A4B1EA /* git2.h in Headers */,
				88EB7E4D14AEBA600046FEA4 /* GTConfiguration.h in Headers */,
				BDE4C064130EFE2C00851650 /* NSError+Git.h in Headers */,
				55C8057D13875C11004DCB0F /* NSData+Git.h in Headers */,
				55C8057E13875C1B004DCB0F /* NSString+Git.h in Headers */,
				8849C6A214AD81FF003890AF /* GTRepository+Private.h in Headers */,
			);
			runOnlyForDeploymentPostprocessing = 0;
		};
/* End PBXHeadersBuildPhase section */

/* Begin PBXNativeTarget section */
		04DB4644133AB57600D9C624 /* ObjectiveGit-iOS */ = {
			isa = PBXNativeTarget;
			buildConfigurationList = 04DB464B133AB58900D9C624 /* Build configuration list for PBXNativeTarget "ObjectiveGit-iOS" */;
			buildPhases = (
				04DB4641133AB57600D9C624 /* Headers */,
				04DB4642133AB57600D9C624 /* Sources */,
				04DB4643133AB57600D9C624 /* Frameworks */,
			);
			buildRules = (
			);
			dependencies = (
			);
			name = "ObjectiveGit-iOS";
			productName = "ObjectiveGit-iOS";
			productReference = 04DB4645133AB57600D9C624 /* libObjectiveGit-iOS.a */;
			productType = "com.apple.product-type.library.static";
		};
		8DC2EF4F0486A6940098B216 /* ObjectiveGit */ = {
			isa = PBXNativeTarget;
			buildConfigurationList = 1DEB91AD08733DA50010E9CD /* Build configuration list for PBXNativeTarget "ObjectiveGit" */;
			buildPhases = (
				8DC2EF500486A6940098B216 /* Headers */,
				79262F0F13C697BE00A4B1EA /* Copy git2 Headers */,
				8DC2EF520486A6940098B216 /* Resources */,
				8DC2EF560486A6940098B216 /* Frameworks */,
				8DC2EF540486A6940098B216 /* Sources */,
			);
			buildRules = (
			);
			dependencies = (
			);
			name = ObjectiveGit;
			productInstallPath = "$(HOME)/Library/Frameworks";
			productName = ObjectiveGitFramework;
			productReference = 8DC2EF5B0486A6940098B216 /* ObjectiveGit.framework */;
			productType = "com.apple.product-type.framework";
		};
		BDD8AEDE1313311100CB5D40 /* Tests */ = {
			isa = PBXNativeTarget;
			buildConfigurationList = BDD8AEE71313311200CB5D40 /* Build configuration list for PBXNativeTarget "Tests" */;
			buildPhases = (
				BDD8AEDB1313311100CB5D40 /* Resources */,
				BDD8AEDC1313311100CB5D40 /* Sources */,
				BDD8AEDD1313311100CB5D40 /* Frameworks */,
				BDD8AF0B131331B700CB5D40 /* CopyFiles */,
				BDD8AFB1131337F800CB5D40 /* ShellScript */,
			);
			buildRules = (
			);
			dependencies = (
				BD6C221D1314428300992935 /* PBXTargetDependency */,
			);
			name = Tests;
			productName = Tests;
			productReference = BDD8AEDF1313311100CB5D40 /* Tests.app */;
			productType = "com.apple.product-type.application";
		};
		BDD9C3D4133BA556003708E7 /* Tests-iOS */ = {
			isa = PBXNativeTarget;
			buildConfigurationList = BDD9C3DA133BA557003708E7 /* Build configuration list for PBXNativeTarget "Tests-iOS" */;
			buildPhases = (
				BDD9C3D1133BA556003708E7 /* Resources */,
				BDD9C3D2133BA556003708E7 /* Sources */,
				BDD9C3D3133BA556003708E7 /* Frameworks */,
				BDD9C494133BA80D003708E7 /* ShellScript */,
			);
			buildRules = (
			);
			dependencies = (
				0450E30D133BE0F8007234B5 /* PBXTargetDependency */,
			);
			name = "Tests-iOS";
			productName = "Tests-iOS";
			productReference = BDD9C3D5133BA556003708E7 /* Tests-iOS.app */;
			productType = "com.apple.product-type.application";
		};
/* End PBXNativeTarget section */

/* Begin PBXProject section */
		0867D690FE84028FC02AAC07 /* Project object */ = {
			isa = PBXProject;
			attributes = {
				LastUpgradeCheck = 0450;
				ORGANIZATIONNAME = "GitHub, Inc";
			};
			buildConfigurationList = 1DEB91B108733DA50010E9CD /* Build configuration list for PBXProject "ObjectiveGitFramework" */;
			compatibilityVersion = "Xcode 3.2";
			developmentRegion = English;
			hasScannedForEncodings = 1;
			knownRegions = (
				English,
				Japanese,
				French,
				German,
			);
			mainGroup = 0867D691FE84028FC02AAC07 /* ObjectiveGitFramework */;
			productRefGroup = 034768DFFF38A50411DB9C8B /* Products */;
			projectDirPath = "";
			projectRoot = "";
			targets = (
				8DC2EF4F0486A6940098B216 /* ObjectiveGit */,
				BDD8AEDE1313311100CB5D40 /* Tests */,
				04DB4644133AB57600D9C624 /* ObjectiveGit-iOS */,
				BDD9C3D4133BA556003708E7 /* Tests-iOS */,
			);
		};
/* End PBXProject section */

/* Begin PBXResourcesBuildPhase section */
		8DC2EF520486A6940098B216 /* Resources */ = {
			isa = PBXResourcesBuildPhase;
			buildActionMask = 2147483647;
			files = (
				8DC2EF530486A6940098B216 /* InfoPlist.strings in Resources */,
			);
			runOnlyForDeploymentPostprocessing = 0;
		};
		BDD8AEDB1313311100CB5D40 /* Resources */ = {
			isa = PBXResourcesBuildPhase;
			buildActionMask = 2147483647;
			files = (
				BDD8AFAB131337E500CB5D40 /* RunTests.sh in Resources */,
				BDAC76F5132FC18400B57507 /* fixtures in Resources */,
			);
			runOnlyForDeploymentPostprocessing = 0;
		};
		BDD9C3D1133BA556003708E7 /* Resources */ = {
			isa = PBXResourcesBuildPhase;
			buildActionMask = 2147483647;
			files = (
				BDD9C51E133BB829003708E7 /* fixtures in Resources */,
			);
			runOnlyForDeploymentPostprocessing = 0;
		};
/* End PBXResourcesBuildPhase section */

/* Begin PBXShellScriptBuildPhase section */
		BDD8AFB1131337F800CB5D40 /* ShellScript */ = {
			isa = PBXShellScriptBuildPhase;
			buildActionMask = 2147483647;
			files = (
			);
			inputPaths = (
			);
			outputPaths = (
			);
			runOnlyForDeploymentPostprocessing = 0;
			shellPath = /bin/sh;
			shellScript = "\"$PROJECT_DIR/Scripts/RunTests.sh\"";
		};
		BDD9C494133BA80D003708E7 /* ShellScript */ = {
			isa = PBXShellScriptBuildPhase;
			buildActionMask = 2147483647;
			files = (
			);
			inputPaths = (
			);
			outputPaths = (
			);
			runOnlyForDeploymentPostprocessing = 0;
			shellPath = /bin/sh;
			shellScript = $PROJECT_DIR/Scripts/RunTests.sh;
		};
/* End PBXShellScriptBuildPhase section */

/* Begin PBXSourcesBuildPhase section */
		04DB4642133AB57600D9C624 /* Sources */ = {
			isa = PBXSourcesBuildPhase;
			buildActionMask = 2147483647;
			files = (
				04DB4660133AB5EB00D9C624 /* NSError+Git.m in Sources */,
				04DB4661133AB5EB00D9C624 /* GTRepository.m in Sources */,
				04DB4664133AB5EB00D9C624 /* GTEnumerator.m in Sources */,
				04DB4665133AB5EB00D9C624 /* GTCommit.m in Sources */,
				04DB4666133AB5EB00D9C624 /* GTObject.m in Sources */,
				04DB4667133AB5EB00D9C624 /* GTSignature.m in Sources */,
				04DB4668133AB5EB00D9C624 /* GTTree.m in Sources */,
				04DB4669133AB5EB00D9C624 /* GTTreeEntry.m in Sources */,
				04DB466A133AB5EB00D9C624 /* GTBlob.m in Sources */,
				04DB466B133AB5EB00D9C624 /* GTTag.m in Sources */,
				04DB466C133AB5EB00D9C624 /* GTIndex.m in Sources */,
				04DB466D133AB5EB00D9C624 /* GTIndexEntry.m in Sources */,
				04DB466E133AB5EB00D9C624 /* GTReference.m in Sources */,
				04DB466F133AB5EB00D9C624 /* GTBranch.m in Sources */,
				AA046115134F4D2000DF526B /* GTOdbObject.m in Sources */,
				55C8054F13861FE7004DCB0F /* GTObjectDatabase.m in Sources */,
				55C8057C13875579004DCB0F /* NSString+Git.m in Sources */,
				8871709B1579145A009B41D5 /* ObjectiveGit.m in Sources */,
				E9FFC6BF1577CC8300A9E736 /* GTConfiguration.m in Sources */,
			);
			runOnlyForDeploymentPostprocessing = 0;
		};
		8DC2EF540486A6940098B216 /* Sources */ = {
			isa = PBXSourcesBuildPhase;
			buildActionMask = 2147483647;
			files = (
				BDE4C065130EFE2C00851650 /* NSError+Git.m in Sources */,
				BDE4C067130EFE2C00851650 /* GTRepository.m in Sources */,
				BDD8AE7013131B8800CB5D40 /* GTEnumerator.m in Sources */,
				BD6C235313146E6600992935 /* GTCommit.m in Sources */,
				BD6C235413146E6A00992935 /* GTObject.m in Sources */,
				BD6C254613148DD300992935 /* GTSignature.m in Sources */,
				BD6B0412131496B8001909D0 /* GTTree.m in Sources */,
				BD6B0418131496CC001909D0 /* GTTreeEntry.m in Sources */,
				BDD6279A1318391200DE34D1 /* GTBlob.m in Sources */,
				BDD62925131C03D600DE34D1 /* GTTag.m in Sources */,
				BDFAF9C4131C1845000508BC /* GTIndex.m in Sources */,
				BDFAF9CA131C1868000508BC /* GTIndexEntry.m in Sources */,
				BD441E09131ED0C300187010 /* GTReference.m in Sources */,
				88F50F5A132054D800584FBE /* GTBranch.m in Sources */,
				AA046114134F4D2000DF526B /* GTOdbObject.m in Sources */,
				55C8055013861FE7004DCB0F /* GTObjectDatabase.m in Sources */,
				55C8057A13875578004DCB0F /* NSString+Git.m in Sources */,
				88EB7E4E14AEBA600046FEA4 /* GTConfiguration.m in Sources */,
				8871709A1579145A009B41D5 /* ObjectiveGit.m in Sources */,
			);
			runOnlyForDeploymentPostprocessing = 0;
		};
		BDD8AEDC1313311100CB5D40 /* Sources */ = {
			isa = PBXSourcesBuildPhase;
			buildActionMask = 2147483647;
			files = (
				BDD8AF19131331F800CB5D40 /* GHUnitTestMain.m in Sources */,
				BDD8AF29131332E400CB5D40 /* GTRepositoryTest.m in Sources */,
				BD6C22411314453900992935 /* GTWalkerTest.m in Sources */,
				BD6C22431314481B00992935 /* GTLibTest.m in Sources */,
				BD6C2268131459E700992935 /* NSData+Git.m in Sources */,
				BD6C23EC131478A100992935 /* GTCommitTest.m in Sources */,
				BD6B07FA1316F24D001909D0 /* GTObjectTest.m in Sources */,
				BDD6272A1318322E00DE34D1 /* GTTreeTest.m in Sources */,
				BDD62796131838A800DE34D1 /* GTBlobTest.m in Sources */,
				BDD62921131C035500DE34D1 /* GTTagTest.m in Sources */,
				BDFAF9A0131C16F2000508BC /* GTRepositoryPackTest.m in Sources */,
				BDFAF9CE131C18FE000508BC /* GTIndexTest.m in Sources */,
				BD8F69D0131F0AEE009DA3A1 /* GTReferenceTest.m in Sources */,
				BD5B2FD71329686F00251129 /* GTBranchTest.m in Sources */,
				88EB7E5214AEC7460046FEA4 /* GTConfigurationTest.m in Sources */,
			);
			runOnlyForDeploymentPostprocessing = 0;
		};
		BDD9C3D2133BA556003708E7 /* Sources */ = {
			isa = PBXSourcesBuildPhase;
			buildActionMask = 2147483647;
			files = (
				04DB4B6B133BC34100D9C624 /* GHUnitIOSTestMain.m in Sources */,
				04DB4B05133BC1A000D9C624 /* GTRepositoryTest.m in Sources */,
				04DB4B06133BC1A000D9C624 /* GTWalkerTest.m in Sources */,
				04DB4B07133BC1A000D9C624 /* GTLibTest.m in Sources */,
				04DB4B08133BC1A000D9C624 /* NSData+Git.m in Sources */,
				04DB4B09133BC1A000D9C624 /* GTCommitTest.m in Sources */,
				04DB4B0A133BC1A000D9C624 /* GTObjectTest.m in Sources */,
				04DB4B0B133BC1A000D9C624 /* GTTreeTest.m in Sources */,
				04DB4B0C133BC1A000D9C624 /* GTBlobTest.m in Sources */,
				04DB4B0D133BC1A000D9C624 /* GTTagTest.m in Sources */,
				04DB4B0E133BC1A000D9C624 /* GTRepositoryPackTest.m in Sources */,
				04DB4B0F133BC1A000D9C624 /* GTIndexTest.m in Sources */,
				04DB4B10133BC1A000D9C624 /* GTReferenceTest.m in Sources */,
				04DB4B11133BC1A000D9C624 /* GTBranchTest.m in Sources */,
			);
			runOnlyForDeploymentPostprocessing = 0;
		};
/* End PBXSourcesBuildPhase section */

/* Begin PBXTargetDependency section */
		0450E30D133BE0F8007234B5 /* PBXTargetDependency */ = {
			isa = PBXTargetDependency;
			target = 04DB4644133AB57600D9C624 /* ObjectiveGit-iOS */;
			targetProxy = 0450E30C133BE0F8007234B5 /* PBXContainerItemProxy */;
		};
		BD6C221D1314428300992935 /* PBXTargetDependency */ = {
			isa = PBXTargetDependency;
			target = 8DC2EF4F0486A6940098B216 /* ObjectiveGit */;
			targetProxy = BD6C221C1314428300992935 /* PBXContainerItemProxy */;
		};
/* End PBXTargetDependency section */

/* Begin PBXVariantGroup section */
		089C1666FE841158C02AAC07 /* InfoPlist.strings */ = {
			isa = PBXVariantGroup;
			children = (
				089C1667FE841158C02AAC07 /* English */,
			);
			name = InfoPlist.strings;
			sourceTree = "<group>";
		};
/* End PBXVariantGroup section */

/* Begin XCBuildConfiguration section */
		04DB4646133AB57600D9C624 /* Debug */ = {
			isa = XCBuildConfiguration;
			buildSettings = {
				ALWAYS_SEARCH_USER_PATHS = NO;
				ARCHS = "$(ARCHS_STANDARD_32_BIT)";
				CLANG_ENABLE_OBJC_ARC = YES;
				COPY_PHASE_STRIP = NO;
				FRAMEWORK_SEARCH_PATHS = "$(inherited)";
				GCC_DYNAMIC_NO_PIC = NO;
				GCC_ENABLE_OBJC_GC = unsupported;
				GCC_OPTIMIZATION_LEVEL = 0;
				GCC_PREFIX_HEADER = ObjectiveGitFramework_Prefix.pch;
				HEADER_SEARCH_PATHS = "$(SRCROOT)/libgit2/include";
				IPHONEOS_DEPLOYMENT_TARGET = 5.0;
				LIBRARY_SEARCH_PATHS = (
					"$(inherited)",
					"\"$(SRCROOT)\"",
				);
				PRODUCT_NAME = "ObjectiveGit-iOS";
				PUBLIC_HEADERS_FOLDER_PATH = /usr/local/include/ObjectiveGit;
				SDKROOT = iphoneos;
				VALID_ARCHS = "i386 armv7";
			};
			name = Debug;
		};
		04DB4647133AB57600D9C624 /* Release */ = {
			isa = XCBuildConfiguration;
			buildSettings = {
				ALWAYS_SEARCH_USER_PATHS = NO;
				ARCHS = "$(ARCHS_STANDARD_32_BIT)";
				CLANG_ENABLE_OBJC_ARC = YES;
				COPY_PHASE_STRIP = YES;
				DEBUG_INFORMATION_FORMAT = "dwarf-with-dsym";
				FRAMEWORK_SEARCH_PATHS = "$(inherited)";
				GCC_ENABLE_OBJC_GC = unsupported;
				GCC_PREFIX_HEADER = ObjectiveGitFramework_Prefix.pch;
				HEADER_SEARCH_PATHS = "$(SRCROOT)/libgit2/include";
				IPHONEOS_DEPLOYMENT_TARGET = 5.0;
				LIBRARY_SEARCH_PATHS = (
					"$(inherited)",
					"\"$(SRCROOT)\"",
				);
				PRODUCT_NAME = "ObjectiveGit-iOS";
				PUBLIC_HEADERS_FOLDER_PATH = /usr/local/include/ObjectiveGit;
				SDKROOT = iphoneos;
				VALID_ARCHS = "i386 armv7";
				ZERO_LINK = NO;
			};
			name = Release;
		};
		1DEB91AE08733DA50010E9CD /* Debug */ = {
			isa = XCBuildConfiguration;
			buildSettings = {
				ALWAYS_SEARCH_USER_PATHS = NO;
				CLANG_ENABLE_OBJC_ARC = YES;
				CLANG_WARN_IMPLICIT_SIGN_CONVERSION = YES;
				CLANG_WARN_OBJC_IMPLICIT_ATOMIC_PROPERTIES = YES;
				CLANG_WARN_SUSPICIOUS_IMPLICIT_CONVERSION = YES;
				COPY_PHASE_STRIP = NO;
				DYLIB_COMPATIBILITY_VERSION = 1;
				DYLIB_CURRENT_VERSION = 1;
				FRAMEWORK_VERSION = A;
				GCC_DYNAMIC_NO_PIC = NO;
				GCC_ENABLE_OBJC_GC = unsupported;
				GCC_MODEL_TUNING = G5;
				GCC_OPTIMIZATION_LEVEL = 0;
				GCC_PRECOMPILE_PREFIX_HEADER = YES;
				GCC_PREFIX_HEADER = ObjectiveGitFramework_Prefix.pch;
				GCC_TREAT_IMPLICIT_FUNCTION_DECLARATIONS_AS_ERRORS = YES;
				GCC_TREAT_INCOMPATIBLE_POINTER_TYPE_WARNINGS_AS_ERRORS = YES;
				GCC_TREAT_WARNINGS_AS_ERRORS = YES;
				GCC_WARN_64_TO_32_BIT_CONVERSION = YES;
				GCC_WARN_ABOUT_MISSING_NEWLINE = YES;
				GCC_WARN_ABOUT_MISSING_PROTOTYPES = YES;
				GCC_WARN_INITIALIZER_NOT_FULLY_BRACKETED = YES;
				GCC_WARN_SHADOW = YES;
				GCC_WARN_SIGN_COMPARE = YES;
				GCC_WARN_STRICT_SELECTOR_MATCH = YES;
				GCC_WARN_UNDECLARED_SELECTOR = YES;
				GCC_WARN_UNINITIALIZED_AUTOS = YES;
				INFOPLIST_FILE = Info.plist;
				INSTALL_PATH = "@executable_path/../Frameworks";
				LIBRARY_SEARCH_PATHS = (
					"$(inherited)",
					"\"$(SRCROOT)\"",
				);
				MACH_O_TYPE = mh_dylib;
				MACOSX_DEPLOYMENT_TARGET = 10.6;
				PRODUCT_NAME = ObjectiveGit;
				STANDARD_C_PLUS_PLUS_LIBRARY_TYPE = dynamic;
				WARNING_CFLAGS = (
					"-Wall",
					"-Werror",
				);
				WRAPPER_EXTENSION = framework;
			};
			name = Debug;
		};
		1DEB91AF08733DA50010E9CD /* Release */ = {
			isa = XCBuildConfiguration;
			buildSettings = {
				ALWAYS_SEARCH_USER_PATHS = NO;
				CLANG_ENABLE_OBJC_ARC = YES;
				CLANG_WARN_IMPLICIT_SIGN_CONVERSION = YES;
				CLANG_WARN_OBJC_IMPLICIT_ATOMIC_PROPERTIES = YES;
				CLANG_WARN_SUSPICIOUS_IMPLICIT_CONVERSION = YES;
				COPY_PHASE_STRIP = NO;
				DEBUG_INFORMATION_FORMAT = "dwarf-with-dsym";
				DYLIB_COMPATIBILITY_VERSION = 1;
				DYLIB_CURRENT_VERSION = 1;
				FRAMEWORK_VERSION = A;
				GCC_ENABLE_OBJC_GC = unsupported;
				GCC_MODEL_TUNING = G5;
				GCC_PRECOMPILE_PREFIX_HEADER = YES;
				GCC_PREFIX_HEADER = ObjectiveGitFramework_Prefix.pch;
				GCC_TREAT_IMPLICIT_FUNCTION_DECLARATIONS_AS_ERRORS = YES;
				GCC_TREAT_INCOMPATIBLE_POINTER_TYPE_WARNINGS_AS_ERRORS = YES;
				GCC_TREAT_WARNINGS_AS_ERRORS = YES;
				GCC_WARN_64_TO_32_BIT_CONVERSION = YES;
				GCC_WARN_ABOUT_MISSING_NEWLINE = YES;
				GCC_WARN_ABOUT_MISSING_PROTOTYPES = YES;
				GCC_WARN_INITIALIZER_NOT_FULLY_BRACKETED = YES;
				GCC_WARN_SHADOW = YES;
				GCC_WARN_SIGN_COMPARE = YES;
				GCC_WARN_STRICT_SELECTOR_MATCH = YES;
				GCC_WARN_UNDECLARED_SELECTOR = YES;
				GCC_WARN_UNINITIALIZED_AUTOS = YES;
				INFOPLIST_FILE = Info.plist;
				INSTALL_PATH = "@executable_path/../Frameworks";
				LIBRARY_SEARCH_PATHS = (
					"$(inherited)",
					"\"$(SRCROOT)\"",
				);
				MACH_O_TYPE = mh_dylib;
				MACOSX_DEPLOYMENT_TARGET = 10.6;
				PRODUCT_NAME = ObjectiveGit;
				STANDARD_C_PLUS_PLUS_LIBRARY_TYPE = dynamic;
				WARNING_CFLAGS = (
					"-Wall",
					"-Werror",
				);
				WRAPPER_EXTENSION = framework;
			};
			name = Release;
		};
		1DEB91B208733DA50010E9CD /* Debug */ = {
			isa = XCBuildConfiguration;
			buildSettings = {
				ARCHS = "$(ARCHS_STANDARD_64_BIT)";
				COMBINE_HIDPI_IMAGES = YES;
				GCC_C_LANGUAGE_STANDARD = gnu99;
				GCC_ENABLE_OBJC_GC = supported;
				GCC_OPTIMIZATION_LEVEL = 0;
				GCC_VERSION = com.apple.compilers.llvm.clang.1_0;
				GCC_WARN_ABOUT_RETURN_TYPE = YES;
				GCC_WARN_UNUSED_VARIABLE = YES;
				HEADER_SEARCH_PATHS = "\"$(SRCROOT)/libgit2/include\"";
				INSTALL_PATH = "@executable_path/../Frameworks";
				ONLY_ACTIVE_ARCH = YES;
				SDKROOT = macosx;
				VALID_ARCHS = x86_64;
			};
			name = Debug;
		};
		1DEB91B308733DA50010E9CD /* Release */ = {
			isa = XCBuildConfiguration;
			buildSettings = {
				ARCHS = "$(ARCHS_STANDARD_64_BIT)";
				COMBINE_HIDPI_IMAGES = YES;
				GCC_C_LANGUAGE_STANDARD = gnu99;
				GCC_ENABLE_OBJC_GC = supported;
				GCC_VERSION = com.apple.compilers.llvm.clang.1_0;
				GCC_WARN_ABOUT_RETURN_TYPE = YES;
				GCC_WARN_UNUSED_VARIABLE = YES;
				HEADER_SEARCH_PATHS = "\"$(SRCROOT)/libgit2/include\"";
				INSTALL_PATH = "@executable_path/../Frameworks";
				SDKROOT = macosx;
				VALID_ARCHS = x86_64;
			};
			name = Release;
		};
		BDD8AEE51313311200CB5D40 /* Debug */ = {
			isa = XCBuildConfiguration;
			buildSettings = {
				ALWAYS_SEARCH_USER_PATHS = NO;
				CLANG_ENABLE_OBJC_ARC = YES;
				COPY_PHASE_STRIP = NO;
				FRAMEWORK_SEARCH_PATHS = (
					"$(inherited)",
					"\"$(SRCROOT)/Frameworks\"",
				);
				GCC_DYNAMIC_NO_PIC = NO;
				GCC_ENABLE_OBJC_GC = unsupported;
				GCC_MODEL_TUNING = G5;
				GCC_OPTIMIZATION_LEVEL = 0;
				GCC_PRECOMPILE_PREFIX_HEADER = YES;
				GCC_PREFIX_HEADER = ObjectiveGitFramework_Prefix.pch;
				HEADER_SEARCH_PATHS = "\"$(SRCROOT)/libgit2/include\"";
				INFOPLIST_FILE = "Tests-Info.plist";
				INSTALL_PATH = "$(HOME)/Applications";
				LD_RUNPATH_SEARCH_PATHS = "\"$(SRCROOT)/Frameworks\"";
				LIBRARY_SEARCH_PATHS = (
					"$(inherited)",
					"\"$(SRCROOT)\"",
				);
				MACOSX_DEPLOYMENT_TARGET = 10.6;
				OTHER_LDFLAGS = (
					"-framework",
					Foundation,
					"-framework",
					AppKit,
				);
				PRODUCT_NAME = Tests;
			};
			name = Debug;
		};
		BDD8AEE61313311200CB5D40 /* Release */ = {
			isa = XCBuildConfiguration;
			buildSettings = {
				ALWAYS_SEARCH_USER_PATHS = NO;
				CLANG_ENABLE_OBJC_ARC = YES;
				COPY_PHASE_STRIP = YES;
				DEBUG_INFORMATION_FORMAT = "dwarf-with-dsym";
				FRAMEWORK_SEARCH_PATHS = (
					"$(inherited)",
					"\"$(SRCROOT)/Frameworks\"",
				);
				GCC_ENABLE_OBJC_GC = unsupported;
				GCC_MODEL_TUNING = G5;
				GCC_PRECOMPILE_PREFIX_HEADER = YES;
				GCC_PREFIX_HEADER = ObjectiveGitFramework_Prefix.pch;
				HEADER_SEARCH_PATHS = "\"$(SRCROOT)/libgit2/include\"";
				INFOPLIST_FILE = "Tests-Info.plist";
				INSTALL_PATH = "$(HOME)/Applications";
				LD_RUNPATH_SEARCH_PATHS = "\"$(SRCROOT)/Frameworks\"";
				LIBRARY_SEARCH_PATHS = (
					"$(inherited)",
					"\"$(SRCROOT)\"",
				);
				MACOSX_DEPLOYMENT_TARGET = 10.6;
				OTHER_LDFLAGS = (
					"-framework",
					Foundation,
					"-framework",
					AppKit,
				);
				PRODUCT_NAME = Tests;
				ZERO_LINK = NO;
			};
			name = Release;
		};
		BDD9C3D8133BA557003708E7 /* Debug */ = {
			isa = XCBuildConfiguration;
			buildSettings = {
				ALWAYS_SEARCH_USER_PATHS = NO;
				ARCHS = "$(ARCHS_STANDARD_32_BIT)";
				CODE_SIGN_IDENTITY = "iPhone Developer";
				COPY_PHASE_STRIP = NO;
				FRAMEWORK_SEARCH_PATHS = (
					"$(inherited)",
					"\"$(SRCROOT)/Frameworks\"",
				);
				GCC_DYNAMIC_NO_PIC = NO;
				GCC_ENABLE_OBJC_GC = unsupported;
				GCC_OPTIMIZATION_LEVEL = 0;
				GCC_PRECOMPILE_PREFIX_HEADER = YES;
				GCC_PREFIX_HEADER = "$(SYSTEM_LIBRARY_DIR)/Frameworks/UIKit.framework/Headers/UIKit.h";
				HEADER_SEARCH_PATHS = "\"$(SRCROOT)/libgit2/include\"";
				INFOPLIST_FILE = "Tests-iOS-Info.plist";
				INSTALL_PATH = "$(HOME)/Applications";
				IPHONEOS_DEPLOYMENT_TARGET = 5.0;
				LIBRARY_SEARCH_PATHS = (
					"$(inherited)",
					"\"$(SRCROOT)/libgit2/lib\"",
				);
				OTHER_LDFLAGS = (
					"-all_load",
					"-framework",
					Foundation,
					"-framework",
					UIKit,
				);
				PRODUCT_NAME = "Tests-iOS";
				SDKROOT = iphoneos;
				VALID_ARCHS = "i386 armv7";
			};
			name = Debug;
		};
		BDD9C3D9133BA557003708E7 /* Release */ = {
			isa = XCBuildConfiguration;
			buildSettings = {
				ALWAYS_SEARCH_USER_PATHS = NO;
				ARCHS = "$(ARCHS_STANDARD_32_BIT)";
				CODE_SIGN_IDENTITY = "iPhone Developer";
				COPY_PHASE_STRIP = YES;
				DEBUG_INFORMATION_FORMAT = "dwarf-with-dsym";
				FRAMEWORK_SEARCH_PATHS = (
					"$(inherited)",
					"\"$(SRCROOT)/Frameworks\"",
				);
				GCC_ENABLE_OBJC_GC = unsupported;
				GCC_PRECOMPILE_PREFIX_HEADER = YES;
				GCC_PREFIX_HEADER = "$(SYSTEM_LIBRARY_DIR)/Frameworks/UIKit.framework/Headers/UIKit.h";
				HEADER_SEARCH_PATHS = "\"$(SRCROOT)/libgit2/include\"";
				INFOPLIST_FILE = "Tests-iOS-Info.plist";
				INSTALL_PATH = "$(HOME)/Applications";
				IPHONEOS_DEPLOYMENT_TARGET = 5.0;
				LIBRARY_SEARCH_PATHS = (
					"$(inherited)",
					"\"$(SRCROOT)/libgit2/lib\"",
				);
				OTHER_LDFLAGS = (
					"-all_load",
					"-framework",
					Foundation,
					"-framework",
					UIKit,
				);
				PRODUCT_NAME = "Tests-iOS";
				SDKROOT = iphoneos;
				VALID_ARCHS = "i386 armv7";
				ZERO_LINK = NO;
			};
			name = Release;
		};
/* End XCBuildConfiguration section */

/* Begin XCConfigurationList section */
		04DB464B133AB58900D9C624 /* Build configuration list for PBXNativeTarget "ObjectiveGit-iOS" */ = {
			isa = XCConfigurationList;
			buildConfigurations = (
				04DB4646133AB57600D9C624 /* Debug */,
				04DB4647133AB57600D9C624 /* Release */,
			);
			defaultConfigurationIsVisible = 0;
			defaultConfigurationName = Release;
		};
		1DEB91AD08733DA50010E9CD /* Build configuration list for PBXNativeTarget "ObjectiveGit" */ = {
			isa = XCConfigurationList;
			buildConfigurations = (
				1DEB91AE08733DA50010E9CD /* Debug */,
				1DEB91AF08733DA50010E9CD /* Release */,
			);
			defaultConfigurationIsVisible = 0;
			defaultConfigurationName = Release;
		};
		1DEB91B108733DA50010E9CD /* Build configuration list for PBXProject "ObjectiveGitFramework" */ = {
			isa = XCConfigurationList;
			buildConfigurations = (
				1DEB91B208733DA50010E9CD /* Debug */,
				1DEB91B308733DA50010E9CD /* Release */,
			);
			defaultConfigurationIsVisible = 0;
			defaultConfigurationName = Release;
		};
		BDD8AEE71313311200CB5D40 /* Build configuration list for PBXNativeTarget "Tests" */ = {
			isa = XCConfigurationList;
			buildConfigurations = (
				BDD8AEE51313311200CB5D40 /* Debug */,
				BDD8AEE61313311200CB5D40 /* Release */,
			);
			defaultConfigurationIsVisible = 0;
			defaultConfigurationName = Release;
		};
		BDD9C3DA133BA557003708E7 /* Build configuration list for PBXNativeTarget "Tests-iOS" */ = {
			isa = XCConfigurationList;
			buildConfigurations = (
				BDD9C3D8133BA557003708E7 /* Debug */,
				BDD9C3D9133BA557003708E7 /* Release */,
			);
			defaultConfigurationIsVisible = 0;
			defaultConfigurationName = Release;
		};
/* End XCConfigurationList section */
	};
	rootObject = 0867D690FE84028FC02AAC07 /* Project object */;
}
